
Microsoft Visual Studio Solution File, Format Version 12.00
# Visual Studio 15
VisualStudioVersion = 15.0.27428.2015
MinimumVisualStudioVersion = 10.0.40219.1
Project("{FAE04EC0-301F-11D3-BF4B-00C04F79EFBC}") = "Bootstrap me in", "Bootstrap me in\Bootstrap me in.csproj", "{B27FCF78-7A50-4EBC-879C-8A9BFF10C6A0}"
EndProject
Global
	GlobalSection(SolutionConfigurationPlatforms) = preSolution
		Debug|Any CPU = Debug|Any CPU
		Release|Any CPU = Release|Any CPU
	EndGlobalSection
	GlobalSection(ProjectConfigurationPlatforms) = postSolution
		{B27FCF78-7A50-4EBC-879C-8A9BFF10C6A0}.Debug|Any CPU.ActiveCfg = Debug|Any CPU
		{B27FCF78-7A50-4EBC-879C-8A9BFF10C6A0}.Debug|Any CPU.Build.0 = Debug|Any CPU
		{B27FCF78-7A50-4EBC-879C-8A9BFF10C6A0}.Release|Any CPU.ActiveCfg = Release|Any CPU
		{B27FCF78-7A50-4EBC-879C-8A9BFF10C6A0}.Release|Any CPU.Build.0 = Release|Any CPU
	EndGlobalSection
	GlobalSection(SolutionProperties) = preSolution
		HideSolutionNode = FALSE
	EndGlobalSection
	GlobalSection(ExtensibilityGlobals) = postSolution
		SolutionGuid = {F6476B1E-CE3F-46CC-A7FB-DD4CD065C1B0}
	EndGlobalSection
EndGlobal
